# This file is automatically @generated by Cargo.
# It is not intended for manual editing.
version = 4

[[package]]
name = "margaret-cli"
version = "0.1.0"
dependencies = [
 "margaret-core",
 "margaret-cpu",
 "margaret-image",
]

[[package]]
name = "margaret-core"
version = "0.1.0"

[[package]]
name = "margaret-cpu"
version = "0.1.0"
dependencies = [
 "margaret-core",
 "margaret-image",
 "margaret-testutil",
]

[[package]]
name = "margaret-image"
version = "0.1.0"
dependencies = [
 "margaret-core",
]

[[package]]
name = "margaret-testutil"
version = "0.1.0"
dependencies = [
 "margaret-core",
]

[[package]]
name = "margaret-vk"
version = "0.1.0"
dependencies = [
 "margaret-core",
]
